Microsoft Visual Studio Solution File, Format Version 9.00
# Visual Studio 2005
Project("{FAE04EC0-301F-11D3-BF4B-00C04F79EFBC}") = "Server Test Units", "server\test\Server Test Units.csproj", "{38E77D9A-873E-45B5-B488-9B8860513EA2}"
EndProject
Project("{FAE04EC0-301F-11D3-BF4B-00C04F79EFBC}") = "Services.Client.Windows.Outlook.Notes", "client\samples\vba\outlook\Services.Client.Windows.Outlook.Notes.csproj", "{7064FB56-5E96-4C49-B164-6419FE19B909}"
EndProject
Project("{FAE04EC0-301F-11D3-BF4B-00C04F79EFBC}") = "Services.Client.Windows.IqFavorites", "services\IqFavorites\client\windows\Services.Client.Windows.IqFavorites.csproj", "{9A0E4ABE-1398-4A0D-A62C-C4B6DD3C68DA}"
EndProject
Project("{FAE04EC0-301F-11D3-BF4B-00C04F79EFBC}") = "SoapExtensions", "server\soapextensions\SoapExtensions.csproj", "{D824E807-22AD-4684-A0AA-C698EDCD49C3}"
EndProject
Project("{FAE04EC0-301F-11D3-BF4B-00C04F79EFBC}") = "Services", "services\Services.csproj", "{F70B9DEA-4756-4AE5-98EE-410DAD6B32AA}"
EndProject
Project("{FAE04EC0-301F-11D3-BF4B-00C04F79EFBC}") = "Api", "api\Api.csproj", "{40135D88-6319-45C1-A235-9BC594A78AB5}"
EndProject
Project("{FAE04EC0-301F-11D3-BF4B-00C04F79EFBC}") = "Services.Sdk", "services\sdk\Services.Sdk.csproj", "{1CEC9404-4A79-4E31-A7A5-F5D7C383823B}"
EndProject
Project("{FAE04EC0-301F-11D3-BF4B-00C04F79EFBC}") = "Services.IqAlerts.Client.Windows", "services\IqAlerts\client\windows\Services.IqAlerts.Client.Windows.csproj", "{FB2181FB-7FFA-4AF3-BDE8-797C9D9A9322}"
EndProject
Project("{FAE04EC0-301F-11D3-BF4B-00C04F79EFBC}") = "Services.IqPresence.Sdk", "services\IqPresence\sdk\Services.IqPresence.Sdk.csproj", "{A74FCC43-E034-48BD-91C7-789D0CA3E1F4}"
EndProject
Project("{FAE04EC0-301F-11D3-BF4B-00C04F79EFBC}") = "Services.IqPresence.Server", "services\IqPresence\server\Services.IqPresence.Server.csproj", "{ADF55EF1-0678-481B-8DA2-801E9A143465}"
EndProject
Project("{FAE04EC0-301F-11D3-BF4B-00C04F79EFBC}") = "Services.IqPresence.Client.Windows", "services\IqPresence\client\windows\Services.IqPresence.Client.Windows.csproj", "{1594D055-5FF9-4BA7-9CBE-E72733E72BD8}"
EndProject
Project("{2150E333-8FDC-42A3-9474-1A3956D46DE8}") = "Solution Items", "Solution Items", "{AC6C793D-698C-4C99-A901-854DED4E7546}"
	ProjectSection(SolutionItems) = preProject
		history.txt = history.txt
		readme.txt = readme.txt
		schedule.txt = schedule.txt
		todo.txt = todo.txt
	EndProjectSection
EndProject
Project("{E24C65DC-7377-472B-9ABA-BC803B73C61A}") = "C:\iquomi.googlecode.com\webservices\", "webservices\", "{AE69D3D1-DB01-4E0B-9F41-BA4E9BAFBF3B}"
	ProjectSection(WebsiteProperties) = preProject
		SccProjectName = ""
		SccAuxPath = ""
		SccLocalPath = ""
		SccProvider = ""
		ProjectReferences = "{9DA163A8-5A9C-422E-88C7-E76ACB23B144}|Commanigy.Iquomi.Sdk.dll;{1CEC9404-4A79-4E31-A7A5-F5D7C383823B}|Commanigy.Iquomi.Services.Sdk.dll;{5C80C065-5648-4611-A320-451F562671F3}|Commanigy.Iquomi.dll;{A74FCC43-E034-48BD-91C7-789D0CA3E1F4}|Commanigy.Iquomi.Services.IqPresence.Sdk.dll;{ADF55EF1-0678-481B-8DA2-801E9A143465}|Commanigy.Iquomi.Services.IqPresence.Server.dll;{D824E807-22AD-4684-A0AA-C698EDCD49C3}|Commanigy.Iquomi.SoapExtensions.dll;{18DDA75E-11ED-47FC-AEE7-D18D6760D13B}|Commanigy.Iquomi.Services.IqAlerts.Server.dll;{38F544A9-DE4F-4479-8F76-FB5677E2B162}|Commanigy.Iquomi.Services.IqContacts.Sdk.dll;{4DFE7946-2FEA-4481-A8EE-3D0A710F9A48}|Commanigy.Iquomi.Services.IqContacts.Server.dll;{BA61FFC3-D36E-4BAE-BB45-7F50B9BC4F52}|Commanigy.Iquomi.Services.IqProfile.Sdk.dll;{DB5A2DE8-3B2D-483A-955D-56AEBF85FBF3}|Commanigy.Iquomi.Services.IqProfile.Server.dll;"
		Debug.AspNetCompiler.VirtualPath = "/webservices"
		Debug.AspNetCompiler.PhysicalPath = "webservices\"
		Debug.AspNetCompiler.TargetPath = "\\ichi\c$\sites\iquomi\webservices\"
		Debug.AspNetCompiler.Updateable = "true"
		Debug.AspNetCompiler.ForceOverwrite = "true"
		Debug.AspNetCompiler.FixedNames = "true"
		Debug.AspNetCompiler.Debug = "True"
		Release.AspNetCompiler.VirtualPath = "/webservices"
		Release.AspNetCompiler.PhysicalPath = "webservices\"
		Release.AspNetCompiler.TargetPath = "\\ichi\c$\sites\iquomi\webservices\"
		Release.AspNetCompiler.Updateable = "true"
		Release.AspNetCompiler.ForceOverwrite = "true"
		Release.AspNetCompiler.FixedNames = "true"
		Release.AspNetCompiler.Debug = "False"
	EndProjectSection
EndProject
Project("{E24C65DC-7377-472B-9ABA-BC803B73C61A}") = "C:\iquomi.googlecode.com\mobile\", "mobile\", "{52AB575D-7CA9-469D-B3FC-A042D82A7946}"
	ProjectSection(WebsiteProperties) = preProject
		SccProjectName = ""
		SccAuxPath = ""
		SccLocalPath = ""
		SccProvider = ""
		ProjectReferences = "{40135D88-6319-45C1-A235-9BC594A78AB5}|Commanigy.Iquomi.Api.dll;{9DA163A8-5A9C-422E-88C7-E76ACB23B144}|Commanigy.Iquomi.Sdk.dll;{5C80C065-5648-4611-A320-451F562671F3}|Commanigy.Iquomi.dll;"
		Debug.AspNetCompiler.VirtualPath = "/mobile"
		Debug.AspNetCompiler.PhysicalPath = "mobile\"
		Debug.AspNetCompiler.TargetPath = "PrecompiledWeb\mobile\"
		Debug.AspNetCompiler.Updateable = "true"
		Debug.AspNetCompiler.ForceOverwrite = "true"
		Debug.AspNetCompiler.FixedNames = "true"
		Debug.AspNetCompiler.Debug = "True"
		Release.AspNetCompiler.VirtualPath = "/mobile"
		Release.AspNetCompiler.PhysicalPath = "mobile\"
		Release.AspNetCompiler.TargetPath = "PrecompiledWeb\mobile\"
		Release.AspNetCompiler.Updateable = "true"
		Release.AspNetCompiler.ForceOverwrite = "true"
		Release.AspNetCompiler.FixedNames = "true"
		Release.AspNetCompiler.Debug = "False"
		VWDPort = "4082"
		VWDDynamicPort = "false"
	EndProjectSection
EndProject
Project("{E24C65DC-7377-472B-9ABA-BC803B73C61A}") = "C:\iquomi.googlecode.com\site\", "site\", "{1D658C9B-CFAC-4D3D-9CE7-85AEFF222608}"
	ProjectSection(WebsiteProperties) = preProject
		SccProjectName = ""
		SccAuxPath = ""
		SccLocalPath = ""
		SccProvider = ""
		ProjectReferences = "{9DA163A8-5A9C-422E-88C7-E76ACB23B144}|Commanigy.Iquomi.Sdk.dll;{1CEC9404-4A79-4E31-A7A5-F5D7C383823B}|Commanigy.Iquomi.Services.Sdk.dll;{F70B9DEA-4756-4AE5-98EE-410DAD6B32AA}|Commanigy.Iquomi.Services.dll;{5C80C065-5648-4611-A320-451F562671F3}|Commanigy.Iquomi.dll;"
		Debug.AspNetCompiler.VirtualPath = "/website"
		Debug.AspNetCompiler.PhysicalPath = "site\"
		Debug.AspNetCompiler.TargetPath = "\\ichi\c$\sites\iquomi\website\"
		Debug.AspNetCompiler.Updateable = "true"
		Debug.AspNetCompiler.ForceOverwrite = "true"
		Debug.AspNetCompiler.FixedNames = "true"
		Debug.AspNetCompiler.Debug = "True"
		Release.AspNetCompiler.VirtualPath = "/website"
		Release.AspNetCompiler.PhysicalPath = "site\"
		Release.AspNetCompiler.TargetPath = "\\ichi\c$\sites\iquomi\website\"
		Release.AspNetCompiler.Updateable = "true"
		Release.AspNetCompiler.ForceOverwrite = "true"
		Release.AspNetCompiler.FixedNames = "true"
		Release.AspNetCompiler.Debug = "False"
	EndProjectSection
EndProject
Project("{FAE04EC0-301F-11D3-BF4B-00C04F79EFBC}") = "Services.IqAlerts.Sdk", "services\IqAlerts\sdk\Services.IqAlerts.Sdk.csproj", "{591494EC-00A4-4123-B415-1B6D0E51432B}"
EndProject
Project("{FAE04EC0-301F-11D3-BF4B-00C04F79EFBC}") = "Services.IqAlerts.Server", "services\IqAlerts\server\Services.IqAlerts.Server.csproj", "{18DDA75E-11ED-47FC-AEE7-D18D6760D13B}"
EndProject
Project("{FAE04EC0-301F-11D3-BF4B-00C04F79EFBC}") = "Server.DataAccess", "server\dataaccess\Server.DataAccess.csproj", "{BA1A3AEA-C6B9-4FB3-9963-DD9C2AB47BAB}"
EndProject
Project("{FAE04EC0-301F-11D3-BF4B-00C04F79EFBC}") = "Server.XmlStore", "server\xmlstore\Server.XmlStore.csproj", "{2A88C5D8-DE00-4697-89B9-993019BD46EA}"
EndProject
Project("{FAE04EC0-301F-11D3-BF4B-00C04F79EFBC}") = "Services.IqProfile.Sdk", "services\IqProfile\sdk\Services.IqProfile.Sdk.csproj", "{BA61FFC3-D36E-4BAE-BB45-7F50B9BC4F52}"
EndProject
Project("{FAE04EC0-301F-11D3-BF4B-00C04F79EFBC}") = "Services.IqProfile.Server", "services\IqProfile\server\Services.IqProfile.Server.csproj", "{DB5A2DE8-3B2D-483A-955D-56AEBF85FBF3}"
EndProject
Project("{FAE04EC0-301F-11D3-BF4B-00C04F79EFBC}") = "Services.IqContacts.Sdk", "services\IqContacts\sdk\Services.IqContacts.Sdk.csproj", "{38F544A9-DE4F-4479-8F76-FB5677E2B162}"
EndProject
Project("{FAE04EC0-301F-11D3-BF4B-00C04F79EFBC}") = "Services.IqContacts.Server", "services\IqContacts\server\Services.IqContacts.Server.csproj", "{4DFE7946-2FEA-4481-A8EE-3D0A710F9A48}"
EndProject
Project("{FAE04EC0-301F-11D3-BF4B-00C04F79EFBC}") = "Client.PocketPC2003", "client\pocketpc2003\Client.PocketPC2003.csproj", "{74232C0E-C58D-4658-BF8A-28BE75F6B470}"
EndProject
Project("{FAE04EC0-301F-11D3-BF4B-00C04F79EFBC}") = "Services.IqPresence.Client.InternetExplorer", "services\IqPresence\client\internet explorer\Services.IqPresence.Client.InternetExplorer.csproj", "{9B547DF9-4517-4762-8A7C-8613D7979726}"
EndProject
Project("{FAE04EC0-301F-11D3-BF4B-00C04F79EFBC}") = "Services.IqContacts.Client.Windows.Outlook", "services\IqContacts\client\windows\outlook\Services.IqContacts.Client.Windows.Outlook.csproj", "{92F2C362-3740-4781-B18C-ABE372A890D7}"
EndProject
Project("{FAE04EC0-301F-11D3-BF4B-00C04F79EFBC}") = "Client.Windows", "client\windows\Client.Windows.csproj", "{FC174354-333B-4272-A807-4C35A3369A53}"
EndProject
Project("{FAE04EC0-301F-11D3-BF4B-00C04F79EFBC}") = "Client.Windows.Resources", "client\windows\resources\Client.Windows.Resources.csproj", "{C70C7B9F-C003-4980-800F-E63495B95D85}"
EndProject
Project("{FAE04EC0-301F-11D3-BF4B-00C04F79EFBC}") = "Services.IqProfile.Client.Windows.Outlook", "services\IqProfile\client\windows\outlook\Services.IqProfile.Client.Windows.Outlook.csproj", "{8FC781CE-5A26-432B-8727-A9BA2AE81833}"
EndProject
Project("{54435603-DBB4-11D2-8724-00A0C9A8B90C}") = "Services.IqProfile.Client.Windows", "services\IqProfile\client\windows\outlook\Services.IqProfile.Client.Windows.OutlookSetup\Services.IqProfile.Client.Windows.OutlookSetup.vdp", "{E3F399E2-27D8-41CB-AF92-83E08B47B3EB}"
EndProject
Project("{4F174C21-8C12-11D0-8340-0000F80270F8}") = "Database", "database\Database.dbp", "{2F3F7654-E745-4100-8E39-A3DEAE68A53D}"
EndProject
Project("{FAE04EC0-301F-11D3-BF4B-00C04F79EFBC}") = "Client.WindowsMobile", "client\windowsmobile\Client.WindowsMobile.csproj", "{756371C7-85A1-4316-A00D-CC827AA1C11A}"
EndProject
Project("{FAE04EC0-301F-11D3-BF4B-00C04F79EFBC}") = "Sdk.WindowsMobile", "sdk-windowsmobile\Sdk.WindowsMobile.csproj", "{CB37FDA0-18A6-4E6B-952A-DB81554476A1}"
EndProject
Project("{FAE04EC0-301F-11D3-BF4B-00C04F79EFBC}") = "Services.IqSms.Client.WindowsMobile", "services\IqSms\client\windowsmobile\Services.IqSms.Client.WindowsMobile.csproj", "{20DC3964-F02A-46C2-A7D8-6EF713A115A3}"
EndProject
Project("{FAE04EC0-301F-11D3-BF4B-00C04F79EFBC}") = "Commanigy.Iquomi.Sdk", "Commanigy.Iquomi.Sdk\Commanigy.Iquomi.Sdk.csproj", "{9DA163A8-5A9C-422E-88C7-E76ACB23B144}"
EndProject
Project("{FAE04EC0-301F-11D3-BF4B-00C04F79EFBC}") = "Commanigy.Iquomi.Data", "server\Commanigy.Iquomi.Data\Commanigy.Iquomi.Data.csproj", "{EA3999F9-6B04-4265-9C7B-BE0F1D4392FD}"
EndProject
Global
	GlobalSection(SolutionConfigurationPlatforms) = preSolution
		Debug|Any CPU = Debug|Any CPU
		Debug|Mixed platforms = Debug|Mixed platforms
		Release|Any CPU = Release|Any CPU
		Release|Mixed platforms = Release|Mixed platforms
	EndGlobalSection
	GlobalSection(ProjectConfigurationPlatforms) = postSolution
		{38E77D9A-873E-45B5-B488-9B8860513EA2}.Debug|Any CPU.ActiveCfg = Debug|Any CPU
		{38E77D9A-873E-45B5-B488-9B8860513EA2}.Debug|Any CPU.Build.0 = Debug|Any CPU
		{38E77D9A-873E-45B5-B488-9B8860513EA2}.Debug|Mixed platforms.ActiveCfg = Debug|Any CPU
		{38E77D9A-873E-45B5-B488-9B8860513EA2}.Release|Any CPU.ActiveCfg = Release|Any CPU
		{38E77D9A-873E-45B5-B488-9B8860513EA2}.Release|Any CPU.Build.0 = Release|Any CPU
		{38E77D9A-873E-45B5-B488-9B8860513EA2}.Release|Mixed platforms.ActiveCfg = Release|Any CPU
		{38E77D9A-873E-45B5-B488-9B8860513EA2}.Release|Mixed platforms.Build.0 = Release|Any CPU
		{7064FB56-5E96-4C49-B164-6419FE19B909}.Debug|Any CPU.ActiveCfg = Debug|Any CPU
		{7064FB56-5E96-4C49-B164-6419FE19B909}.Debug|Any CPU.Build.0 = Debug|Any CPU
		{7064FB56-5E96-4C49-B164-6419FE19B909}.Debug|Mixed platforms.ActiveCfg = Debug|Any CPU
		{7064FB56-5E96-4C49-B164-6419FE19B909}.Debug|Mixed platforms.Build.0 = Debug|Any CPU
		{7064FB56-5E96-4C49-B164-6419FE19B909}.Release|Any CPU.ActiveCfg = Release|Any CPU
		{7064FB56-5E96-4C49-B164-6419FE19B909}.Release|Any CPU.Build.0 = Release|Any CPU
		{7064FB56-5E96-4C49-B164-6419FE19B909}.Release|Mixed platforms.ActiveCfg = Release|Any CPU
		{7064FB56-5E96-4C49-B164-6419FE19B909}.Release|Mixed platforms.Build.0 = Release|Any CPU
		{9A0E4ABE-1398-4A0D-A62C-C4B6DD3C68DA}.Debug|Any CPU.ActiveCfg = Debug|Any CPU
		{9A0E4ABE-1398-4A0D-A62C-C4B6DD3C68DA}.Debug|Any CPU.Build.0 = Debug|Any CPU
		{9A0E4ABE-1398-4A0D-A62C-C4B6DD3C68DA}.Debug|Mixed platforms.ActiveCfg = Debug|Any CPU
		{9A0E4ABE-1398-4A0D-A62C-C4B6DD3C68DA}.Debug|Mixed platforms.Build.0 = Debug|Any CPU
		{9A0E4ABE-1398-4A0D-A62C-C4B6DD3C68DA}.Release|Any CPU.ActiveCfg = Release|Any CPU
		{9A0E4ABE-1398-4A0D-A62C-C4B6DD3C68DA}.Release|Any CPU.Build.0 = Release|Any CPU
		{9A0E4ABE-1398-4A0D-A62C-C4B6DD3C68DA}.Release|Mixed platforms.ActiveCfg = Release|Any CPU
		{9A0E4ABE-1398-4A0D-A62C-C4B6DD3C68DA}.Release|Mixed platforms.Build.0 = Release|Any CPU
		{D824E807-22AD-4684-A0AA-C698EDCD49C3}.Debug|Any CPU.ActiveCfg = Debug|Any CPU
		{D824E807-22AD-4684-A0AA-C698EDCD49C3}.Debug|Any CPU.Build.0 = Debug|Any CPU
		{D824E807-22AD-4684-A0AA-C698EDCD49C3}.Debug|Mixed platforms.ActiveCfg = Debug|Any CPU
		{D824E807-22AD-4684-A0AA-C698EDCD49C3}.Debug|Mixed platforms.Build.0 = Debug|Any CPU
		{D824E807-22AD-4684-A0AA-C698EDCD49C3}.Release|Any CPU.ActiveCfg = Release|Any CPU
		{D824E807-22AD-4684-A0AA-C698EDCD49C3}.Release|Any CPU.Build.0 = Release|Any CPU
		{D824E807-22AD-4684-A0AA-C698EDCD49C3}.Release|Mixed platforms.ActiveCfg = Release|Any CPU
		{D824E807-22AD-4684-A0AA-C698EDCD49C3}.Release|Mixed platforms.Build.0 = Release|Any CPU
		{F70B9DEA-4756-4AE5-98EE-410DAD6B32AA}.Debug|Any CPU.ActiveCfg = Debug|Any CPU
		{F70B9DEA-4756-4AE5-98EE-410DAD6B32AA}.Debug|Any CPU.Build.0 = Debug|Any CPU
		{F70B9DEA-4756-4AE5-98EE-410DAD6B32AA}.Debug|Mixed platforms.ActiveCfg = Debug|Any CPU
		{F70B9DEA-4756-4AE5-98EE-410DAD6B32AA}.Debug|Mixed platforms.Build.0 = Debug|Any CPU
		{F70B9DEA-4756-4AE5-98EE-410DAD6B32AA}.Release|Any CPU.ActiveCfg = Release|Any CPU
		{F70B9DEA-4756-4AE5-98EE-410DAD6B32AA}.Release|Any CPU.Build.0 = Release|Any CPU
		{F70B9DEA-4756-4AE5-98EE-410DAD6B32AA}.Release|Mixed platforms.ActiveCfg = Release|Any CPU
		{F70B9DEA-4756-4AE5-98EE-410DAD6B32AA}.Release|Mixed platforms.Build.0 = Release|Any CPU
		{40135D88-6319-45C1-A235-9BC594A78AB5}.Debug|Any CPU.ActiveCfg = Debug|Any CPU
		{40135D88-6319-45C1-A235-9BC594A78AB5}.Debug|Any CPU.Build.0 = Debug|Any CPU
		{40135D88-6319-45C1-A235-9BC594A78AB5}.Debug|Mixed platforms.ActiveCfg = Debug|Any CPU
		{40135D88-6319-45C1-A235-9BC594A78AB5}.Debug|Mixed platforms.Build.0 = Debug|Any CPU
		{40135D88-6319-45C1-A235-9BC594A78AB5}.Release|Any CPU.ActiveCfg = Release|Any CPU
		{40135D88-6319-45C1-A235-9BC594A78AB5}.Release|Any CPU.Build.0 = Release|Any CPU
		{40135D88-6319-45C1-A235-9BC594A78AB5}.Release|Mixed platforms.ActiveCfg = Release|Any CPU
		{40135D88-6319-45C1-A235-9BC594A78AB5}.Release|Mixed platforms.Build.0 = Release|Any CPU
		{1CEC9404-4A79-4E31-A7A5-F5D7C383823B}.Debug|Any CPU.ActiveCfg = Debug|Any CPU
		{1CEC9404-4A79-4E31-A7A5-F5D7C383823B}.Debug|Any CPU.Build.0 = Debug|Any CPU
		{1CEC9404-4A79-4E31-A7A5-F5D7C383823B}.Debug|Mixed platforms.ActiveCfg = Debug|Any CPU
		{1CEC9404-4A79-4E31-A7A5-F5D7C383823B}.Debug|Mixed platforms.Build.0 = Debug|Any CPU
		{1CEC9404-4A79-4E31-A7A5-F5D7C383823B}.Release|Any CPU.ActiveCfg = Release|Any CPU
		{1CEC9404-4A79-4E31-A7A5-F5D7C383823B}.Release|Mixed platforms.ActiveCfg = Release|Any CPU
		{FB2181FB-7FFA-4AF3-BDE8-797C9D9A9322}.Debug|Any CPU.ActiveCfg = Debug|Any CPU
		{FB2181FB-7FFA-4AF3-BDE8-797C9D9A9322}.Debug|Any CPU.Build.0 = Debug|Any CPU
		{FB2181FB-7FFA-4AF3-BDE8-797C9D9A9322}.Debug|Mixed platforms.ActiveCfg = Debug|Any CPU
		{FB2181FB-7FFA-4AF3-BDE8-797C9D9A9322}.Debug|Mixed platforms.Build.0 = Debug|Any CPU
		{FB2181FB-7FFA-4AF3-BDE8-797C9D9A9322}.Release|Any CPU.ActiveCfg = Release|Any CPU
		{FB2181FB-7FFA-4AF3-BDE8-797C9D9A9322}.Release|Mixed platforms.ActiveCfg = Release|Any CPU
		{A74FCC43-E034-48BD-91C7-789D0CA3E1F4}.Debug|Any CPU.ActiveCfg = Debug|Any CPU
		{A74FCC43-E034-48BD-91C7-789D0CA3E1F4}.Debug|Any CPU.Build.0 = Debug|Any CPU
		{A74FCC43-E034-48BD-91C7-789D0CA3E1F4}.Debug|Mixed platforms.ActiveCfg = Debug|Any CPU
		{A74FCC43-E034-48BD-91C7-789D0CA3E1F4}.Debug|Mixed platforms.Build.0 = Debug|Any CPU
		{A74FCC43-E034-48BD-91C7-789D0CA3E1F4}.Release|Any CPU.ActiveCfg = Release|Any CPU
		{A74FCC43-E034-48BD-91C7-789D0CA3E1F4}.Release|Mixed platforms.ActiveCfg = Release|Any CPU
		{ADF55EF1-0678-481B-8DA2-801E9A143465}.Debug|Any CPU.ActiveCfg = Debug|Any CPU
		{ADF55EF1-0678-481B-8DA2-801E9A143465}.Debug|Any CPU.Build.0 = Debug|Any CPU
		{ADF55EF1-0678-481B-8DA2-801E9A143465}.Debug|Mixed platforms.ActiveCfg = Debug|Any CPU
		{ADF55EF1-0678-481B-8DA2-801E9A143465}.Debug|Mixed platforms.Build.0 = Debug|Any CPU
		{ADF55EF1-0678-481B-8DA2-801E9A143465}.Release|Any CPU.ActiveCfg = Release|Any CPU
		{ADF55EF1-0678-481B-8DA2-801E9A143465}.Release|Mixed platforms.ActiveCfg = Release|Any CPU
		{1594D055-5FF9-4BA7-9CBE-E72733E72BD8}.Debug|Any CPU.ActiveCfg = Debug|Any CPU
		{1594D055-5FF9-4BA7-9CBE-E72733E72BD8}.Debug|Any CPU.Build.0 = Debug|Any CPU
		{1594D055-5FF9-4BA7-9CBE-E72733E72BD8}.Debug|Mixed platforms.ActiveCfg = Debug|Any CPU
		{1594D055-5FF9-4BA7-9CBE-E72733E72BD8}.Debug|Mixed platforms.Build.0 = Debug|Any CPU
		{1594D055-5FF9-4BA7-9CBE-E72733E72BD8}.Release|Any CPU.ActiveCfg = Release|Any CPU
		{1594D055-5FF9-4BA7-9CBE-E72733E72BD8}.Release|Mixed platforms.ActiveCfg = Release|Any CPU
		{AE69D3D1-DB01-4E0B-9F41-BA4E9BAFBF3B}.Debug|Any CPU.ActiveCfg = Debug|.NET
		{AE69D3D1-DB01-4E0B-9F41-BA4E9BAFBF3B}.Debug|Any CPU.Build.0 = Debug|.NET
		{AE69D3D1-DB01-4E0B-9F41-BA4E9BAFBF3B}.Debug|Mixed platforms.ActiveCfg = Debug|.NET
		{AE69D3D1-DB01-4E0B-9F41-BA4E9BAFBF3B}.Debug|Mixed platforms.Build.0 = Debug|.NET
		{AE69D3D1-DB01-4E0B-9F41-BA4E9BAFBF3B}.Release|Any CPU.ActiveCfg = Debug|.NET
		{AE69D3D1-DB01-4E0B-9F41-BA4E9BAFBF3B}.Release|Any CPU.Build.0 = Debug|.NET
		{AE69D3D1-DB01-4E0B-9F41-BA4E9BAFBF3B}.Release|Mixed platforms.ActiveCfg = Debug|.NET
		{AE69D3D1-DB01-4E0B-9F41-BA4E9BAFBF3B}.Release|Mixed platforms.Build.0 = Debug|.NET
		{52AB575D-7CA9-469D-B3FC-A042D82A7946}.Debug|Any CPU.ActiveCfg = Debug|.NET
		{52AB575D-7CA9-469D-B3FC-A042D82A7946}.Debug|Any CPU.Build.0 = Debug|.NET
		{52AB575D-7CA9-469D-B3FC-A042D82A7946}.Debug|Mixed platforms.ActiveCfg = Debug|.NET
		{52AB575D-7CA9-469D-B3FC-A042D82A7946}.Release|Any CPU.ActiveCfg = Debug|.NET
		{52AB575D-7CA9-469D-B3FC-A042D82A7946}.Release|Any CPU.Build.0 = Debug|.NET
		{52AB575D-7CA9-469D-B3FC-A042D82A7946}.Release|Mixed platforms.ActiveCfg = Debug|.NET
		{52AB575D-7CA9-469D-B3FC-A042D82A7946}.Release|Mixed platforms.Build.0 = Debug|.NET
		{1D658C9B-CFAC-4D3D-9CE7-85AEFF222608}.Debug|Any CPU.ActiveCfg = Debug|.NET
		{1D658C9B-CFAC-4D3D-9CE7-85AEFF222608}.Debug|Any CPU.Build.0 = Debug|.NET
		{1D658C9B-CFAC-4D3D-9CE7-85AEFF222608}.Debug|Mixed platforms.ActiveCfg = Debug|.NET
		{1D658C9B-CFAC-4D3D-9CE7-85AEFF222608}.Debug|Mixed platforms.Build.0 = Debug|.NET
		{1D658C9B-CFAC-4D3D-9CE7-85AEFF222608}.Release|Any CPU.ActiveCfg = Debug|.NET
		{1D658C9B-CFAC-4D3D-9CE7-85AEFF222608}.Release|Any CPU.Build.0 = Debug|.NET
		{1D658C9B-CFAC-4D3D-9CE7-85AEFF222608}.Release|Mixed platforms.ActiveCfg = Debug|.NET
		{1D658C9B-CFAC-4D3D-9CE7-85AEFF222608}.Release|Mixed platforms.Build.0 = Debug|.NET
		{591494EC-00A4-4123-B415-1B6D0E51432B}.Debug|Any CPU.ActiveCfg = Debug|Any CPU
		{591494EC-00A4-4123-B415-1B6D0E51432B}.Debug|Any CPU.Build.0 = Debug|Any CPU
		{591494EC-00A4-4123-B415-1B6D0E51432B}.Debug|Mixed platforms.ActiveCfg = Debug|Any CPU
		{591494EC-00A4-4123-B415-1B6D0E51432B}.Debug|Mixed platforms.Build.0 = Debug|Any CPU
		{591494EC-00A4-4123-B415-1B6D0E51432B}.Release|Any CPU.ActiveCfg = Release|Any CPU
		{591494EC-00A4-4123-B415-1B6D0E51432B}.Release|Mixed platforms.ActiveCfg = Release|Any CPU
		{591494EC-00A4-4123-B415-1B6D0E51432B}.Release|Mixed platforms.Build.0 = Release|Any CPU
		{18DDA75E-11ED-47FC-AEE7-D18D6760D13B}.Debug|Any CPU.ActiveCfg = Debug|Any CPU
		{18DDA75E-11ED-47FC-AEE7-D18D6760D13B}.Debug|Any CPU.Build.0 = Debug|Any CPU
		{18DDA75E-11ED-47FC-AEE7-D18D6760D13B}.Debug|Mixed platforms.ActiveCfg = Debug|Any CPU
		{18DDA75E-11ED-47FC-AEE7-D18D6760D13B}.Debug|Mixed platforms.Build.0 = Debug|Any CPU
		{18DDA75E-11ED-47FC-AEE7-D18D6760D13B}.Release|Any CPU.ActiveCfg = Release|Any CPU
		{18DDA75E-11ED-47FC-AEE7-D18D6760D13B}.Release|Mixed platforms.ActiveCfg = Release|Any CPU
		{18DDA75E-11ED-47FC-AEE7-D18D6760D13B}.Release|Mixed platforms.Build.0 = Release|Any CPU
		{BA1A3AEA-C6B9-4FB3-9963-DD9C2AB47BAB}.Debug|Any CPU.ActiveCfg = Debug|Any CPU
		{BA1A3AEA-C6B9-4FB3-9963-DD9C2AB47BAB}.Debug|Any CPU.Build.0 = Debug|Any CPU
		{BA1A3AEA-C6B9-4FB3-9963-DD9C2AB47BAB}.Debug|Mixed platforms.ActiveCfg = Debug|Any CPU
		{BA1A3AEA-C6B9-4FB3-9963-DD9C2AB47BAB}.Debug|Mixed platforms.Build.0 = Debug|Any CPU
		{BA1A3AEA-C6B9-4FB3-9963-DD9C2AB47BAB}.Release|Any CPU.ActiveCfg = Release|Any CPU
		{BA1A3AEA-C6B9-4FB3-9963-DD9C2AB47BAB}.Release|Mixed platforms.ActiveCfg = Release|Any CPU
		{BA1A3AEA-C6B9-4FB3-9963-DD9C2AB47BAB}.Release|Mixed platforms.Build.0 = Release|Any CPU
		{2A88C5D8-DE00-4697-89B9-993019BD46EA}.Debug|Any CPU.ActiveCfg = Debug|Any CPU
		{2A88C5D8-DE00-4697-89B9-993019BD46EA}.Debug|Any CPU.Build.0 = Debug|Any CPU
		{2A88C5D8-DE00-4697-89B9-993019BD46EA}.Debug|Mixed platforms.ActiveCfg = Debug|Any CPU
		{2A88C5D8-DE00-4697-89B9-993019BD46EA}.Debug|Mixed platforms.Build.0 = Debug|Any CPU
		{2A88C5D8-DE00-4697-89B9-993019BD46EA}.Release|Any CPU.ActiveCfg = Release|Any CPU
		{2A88C5D8-DE00-4697-89B9-993019BD46EA}.Release|Mixed platforms.ActiveCfg = Release|Any CPU
		{2A88C5D8-DE00-4697-89B9-993019BD46EA}.Release|Mixed platforms.Build.0 = Release|Any CPU
		{BA61FFC3-D36E-4BAE-BB45-7F50B9BC4F52}.Debug|Any CPU.ActiveCfg = Debug|Any CPU
		{BA61FFC3-D36E-4BAE-BB45-7F50B9BC4F52}.Debug|Mixed platforms.ActiveCfg = Debug|Any CPU
		{BA61FFC3-D36E-4BAE-BB45-7F50B9BC4F52}.Debug|Mixed platforms.Build.0 = Debug|Any CPU
		{BA61FFC3-D36E-4BAE-BB45-7F50B9BC4F52}.Release|Any CPU.ActiveCfg = Release|Any CPU
		{BA61FFC3-D36E-4BAE-BB45-7F50B9BC4F52}.Release|Mixed platforms.ActiveCfg = Release|Any CPU
		{BA61FFC3-D36E-4BAE-BB45-7F50B9BC4F52}.Release|Mixed platforms.Build.0 = Release|Any CPU
		{DB5A2DE8-3B2D-483A-955D-56AEBF85FBF3}.Debug|Any CPU.ActiveCfg = Debug|Any CPU
		{DB5A2DE8-3B2D-483A-955D-56AEBF85FBF3}.Debug|Mixed platforms.ActiveCfg = Debug|Any CPU
		{DB5A2DE8-3B2D-483A-955D-56AEBF85FBF3}.Debug|Mixed platforms.Build.0 = Debug|Any CPU
		{DB5A2DE8-3B2D-483A-955D-56AEBF85FBF3}.Release|Any CPU.ActiveCfg = Release|Any CPU
		{DB5A2DE8-3B2D-483A-955D-56AEBF85FBF3}.Release|Mixed platforms.ActiveCfg = Release|Any CPU
		{DB5A2DE8-3B2D-483A-955D-56AEBF85FBF3}.Release|Mixed platforms.Build.0 = Release|Any CPU
		{38F544A9-DE4F-4479-8F76-FB5677E2B162}.Debug|Any CPU.ActiveCfg = Debug|Any CPU
		{38F544A9-DE4F-4479-8F76-FB5677E2B162}.Debug|Any CPU.Build.0 = Debug|Any CPU
		{38F544A9-DE4F-4479-8F76-FB5677E2B162}.Debug|Mixed platforms.ActiveCfg = Debug|Any CPU
		{38F544A9-DE4F-4479-8F76-FB5677E2B162}.Debug|Mixed platforms.Build.0 = Debug|Any CPU
		{38F544A9-DE4F-4479-8F76-FB5677E2B162}.Release|Any CPU.ActiveCfg = Release|Any CPU
		{38F544A9-DE4F-4479-8F76-FB5677E2B162}.Release|Any CPU.Build.0 = Release|Any CPU
		{38F544A9-DE4F-4479-8F76-FB5677E2B162}.Release|Mixed platforms.ActiveCfg = Release|Any CPU
		{38F544A9-DE4F-4479-8F76-FB5677E2B162}.Release|Mixed platforms.Build.0 = Release|Any CPU
		{4DFE7946-2FEA-4481-A8EE-3D0A710F9A48}.Debug|Any CPU.ActiveCfg = Debug|Any CPU
		{4DFE7946-2FEA-4481-A8EE-3D0A710F9A48}.Debug|Any CPU.Build.0 = Debug|Any CPU
		{4DFE7946-2FEA-4481-A8EE-3D0A710F9A48}.Debug|Mixed platforms.ActiveCfg = Debug|Any CPU
		{4DFE7946-2FEA-4481-A8EE-3D0A710F9A48}.Debug|Mixed platforms.Build.0 = Debug|Any CPU
		{4DFE7946-2FEA-4481-A8EE-3D0A710F9A48}.Release|Any CPU.ActiveCfg = Release|Any CPU
		{4DFE7946-2FEA-4481-A8EE-3D0A710F9A48}.Release|Any CPU.Build.0 = Release|Any CPU
		{4DFE7946-2FEA-4481-A8EE-3D0A710F9A48}.Release|Mixed platforms.ActiveCfg = Release|Any CPU
		{4DFE7946-2FEA-4481-A8EE-3D0A710F9A48}.Release|Mixed platforms.Build.0 = Release|Any CPU
		{74232C0E-C58D-4658-BF8A-28BE75F6B470}.Debug|Any CPU.ActiveCfg = Debug|Any CPU
		{74232C0E-C58D-4658-BF8A-28BE75F6B470}.Debug|Any CPU.Build.0 = Debug|Any CPU
		{74232C0E-C58D-4658-BF8A-28BE75F6B470}.Debug|Any CPU.Deploy.0 = Debug|Any CPU
		{74232C0E-C58D-4658-BF8A-28BE75F6B470}.Debug|Mixed platforms.ActiveCfg = Debug|Any CPU
		{74232C0E-C58D-4658-BF8A-28BE75F6B470}.Release|Any CPU.ActiveCfg = Release|Any CPU
		{74232C0E-C58D-4658-BF8A-28BE75F6B470}.Release|Any CPU.Build.0 = Release|Any CPU
		{74232C0E-C58D-4658-BF8A-28BE75F6B470}.Release|Any CPU.Deploy.0 = Release|Any CPU
		{74232C0E-C58D-4658-BF8A-28BE75F6B470}.Release|Mixed platforms.ActiveCfg = Release|Any CPU
		{74232C0E-C58D-4658-BF8A-28BE75F6B470}.Release|Mixed platforms.Build.0 = Release|Any CPU
		{74232C0E-C58D-4658-BF8A-28BE75F6B470}.Release|Mixed platforms.Deploy.0 = Release|Any CPU
		{9B547DF9-4517-4762-8A7C-8613D7979726}.Debug|Any CPU.ActiveCfg = Debug|Any CPU
		{9B547DF9-4517-4762-8A7C-8613D7979726}.Debug|Any CPU.Build.0 = Debug|Any CPU
		{9B547DF9-4517-4762-8A7C-8613D7979726}.Debug|Mixed platforms.ActiveCfg = Debug|Any CPU
		{9B547DF9-4517-4762-8A7C-8613D7979726}.Debug|Mixed platforms.Build.0 = Debug|Any CPU
		{9B547DF9-4517-4762-8A7C-8613D7979726}.Release|Any CPU.ActiveCfg = Release|Any CPU
		{9B547DF9-4517-4762-8A7C-8613D7979726}.Release|Any CPU.Build.0 = Release|Any CPU
		{9B547DF9-4517-4762-8A7C-8613D7979726}.Release|Mixed platforms.ActiveCfg = Release|Any CPU
		{9B547DF9-4517-4762-8A7C-8613D7979726}.Release|Mixed platforms.Build.0 = Release|Any CPU
		{92F2C362-3740-4781-B18C-ABE372A890D7}.Debug|Any CPU.ActiveCfg = Debug|Any CPU
		{92F2C362-3740-4781-B18C-ABE372A890D7}.Debug|Any CPU.Build.0 = Debug|Any CPU
		{92F2C362-3740-4781-B18C-ABE372A890D7}.Debug|Mixed platforms.ActiveCfg = Debug|Any CPU
		{92F2C362-3740-4781-B18C-ABE372A890D7}.Debug|Mixed platforms.Build.0 = Debug|Any CPU
		{92F2C362-3740-4781-B18C-ABE372A890D7}.Release|Any CPU.ActiveCfg = Release|Any CPU
		{92F2C362-3740-4781-B18C-ABE372A890D7}.Release|Any CPU.Build.0 = Release|Any CPU
		{92F2C362-3740-4781-B18C-ABE372A890D7}.Release|Mixed platforms.ActiveCfg = Release|Any CPU
		{92F2C362-3740-4781-B18C-ABE372A890D7}.Release|Mixed platforms.Build.0 = Release|Any CPU
		{FC174354-333B-4272-A807-4C35A3369A53}.Debug|Any CPU.ActiveCfg = Debug|Any CPU
		{FC174354-333B-4272-A807-4C35A3369A53}.Debug|Any CPU.Build.0 = Debug|Any CPU
		{FC174354-333B-4272-A807-4C35A3369A53}.Debug|Mixed platforms.ActiveCfg = Debug|Any CPU
		{FC174354-333B-4272-A807-4C35A3369A53}.Debug|Mixed platforms.Build.0 = Debug|Any CPU
		{FC174354-333B-4272-A807-4C35A3369A53}.Release|Any CPU.ActiveCfg = Release|Any CPU
		{FC174354-333B-4272-A807-4C35A3369A53}.Release|Any CPU.Build.0 = Release|Any CPU
		{FC174354-333B-4272-A807-4C35A3369A53}.Release|Mixed platforms.ActiveCfg = Release|Any CPU
		{FC174354-333B-4272-A807-4C35A3369A53}.Release|Mixed platforms.Build.0 = Release|Any CPU
		{C70C7B9F-C003-4980-800F-E63495B95D85}.Debug|Any CPU.ActiveCfg = Debug|Any CPU
		{C70C7B9F-C003-4980-800F-E63495B95D85}.Debug|Any CPU.Build.0 = Debug|Any CPU
		{C70C7B9F-C003-4980-800F-E63495B95D85}.Debug|Mixed platforms.ActiveCfg = Debug|Any CPU
		{C70C7B9F-C003-4980-800F-E63495B95D85}.Release|Any CPU.ActiveCfg = Release|Any CPU
		{C70C7B9F-C003-4980-800F-E63495B95D85}.Release|Any CPU.Build.0 = Release|Any CPU
		{C70C7B9F-C003-4980-800F-E63495B95D85}.Release|Mixed platforms.ActiveCfg = Release|Any CPU
		{C70C7B9F-C003-4980-800F-E63495B95D85}.Release|Mixed platforms.Build.0 = Release|Any CPU
		{8FC781CE-5A26-432B-8727-A9BA2AE81833}.Debug|Any CPU.ActiveCfg = Debug|Any CPU
		{8FC781CE-5A26-432B-8727-A9BA2AE81833}.Debug|Any CPU.Build.0 = Debug|Any CPU
		{8FC781CE-5A26-432B-8727-A9BA2AE81833}.Debug|Mixed platforms.ActiveCfg = Debug|Any CPU
		{8FC781CE-5A26-432B-8727-A9BA2AE81833}.Debug|Mixed platforms.Build.0 = Debug|Any CPU
		{8FC781CE-5A26-432B-8727-A9BA2AE81833}.Release|Any CPU.ActiveCfg = Release|Any CPU
		{8FC781CE-5A26-432B-8727-A9BA2AE81833}.Release|Any CPU.Build.0 = Release|Any CPU
		{8FC781CE-5A26-432B-8727-A9BA2AE81833}.Release|Mixed platforms.ActiveCfg = Release|Any CPU
		{8FC781CE-5A26-432B-8727-A9BA2AE81833}.Release|Mixed platforms.Build.0 = Release|Any CPU
		{E3F399E2-27D8-41CB-AF92-83E08B47B3EB}.Debug|Any CPU.ActiveCfg = Debug
		{E3F399E2-27D8-41CB-AF92-83E08B47B3EB}.Debug|Any CPU.Build.0 = Debug
		{E3F399E2-27D8-41CB-AF92-83E08B47B3EB}.Debug|Mixed platforms.ActiveCfg = Debug
		{E3F399E2-27D8-41CB-AF92-83E08B47B3EB}.Release|Any CPU.ActiveCfg = Release
		{E3F399E2-27D8-41CB-AF92-83E08B47B3EB}.Release|Any CPU.Build.0 = Release
		{E3F399E2-27D8-41CB-AF92-83E08B47B3EB}.Release|Mixed platforms.ActiveCfg = Release
		{E3F399E2-27D8-41CB-AF92-83E08B47B3EB}.Release|Mixed platforms.Build.0 = Release
		{756371C7-85A1-4316-A00D-CC827AA1C11A}.Debug|Any CPU.ActiveCfg = Debug|Any CPU
		{756371C7-85A1-4316-A00D-CC827AA1C11A}.Debug|Any CPU.Build.0 = Debug|Any CPU
		{756371C7-85A1-4316-A00D-CC827AA1C11A}.Debug|Any CPU.Deploy.0 = Debug|Any CPU
		{756371C7-85A1-4316-A00D-CC827AA1C11A}.Debug|Mixed platforms.ActiveCfg = Debug|Any CPU
		{756371C7-85A1-4316-A00D-CC827AA1C11A}.Debug|Mixed platforms.Build.0 = Debug|Any CPU
		{756371C7-85A1-4316-A00D-CC827AA1C11A}.Debug|Mixed platforms.Deploy.0 = Debug|Any CPU
		{756371C7-85A1-4316-A00D-CC827AA1C11A}.Release|Any CPU.ActiveCfg = Release|Any CPU
		{756371C7-85A1-4316-A00D-CC827AA1C11A}.Release|Any CPU.Build.0 = Release|Any CPU
		{756371C7-85A1-4316-A00D-CC827AA1C11A}.Release|Any CPU.Deploy.0 = Release|Any CPU
		{756371C7-85A1-4316-A00D-CC827AA1C11A}.Release|Mixed platforms.ActiveCfg = Release|Any CPU
		{756371C7-85A1-4316-A00D-CC827AA1C11A}.Release|Mixed platforms.Build.0 = Release|Any CPU
		{756371C7-85A1-4316-A00D-CC827AA1C11A}.Release|Mixed platforms.Deploy.0 = Release|Any CPU
		{CB37FDA0-18A6-4E6B-952A-DB81554476A1}.Debug|Any CPU.ActiveCfg = Debug|Any CPU
		{CB37FDA0-18A6-4E6B-952A-DB81554476A1}.Debug|Any CPU.Build.0 = Debug|Any CPU
		{CB37FDA0-18A6-4E6B-952A-DB81554476A1}.Debug|Mixed platforms.ActiveCfg = Debug|Any CPU
		{CB37FDA0-18A6-4E6B-952A-DB81554476A1}.Debug|Mixed platforms.Build.0 = Debug|Any CPU
		{CB37FDA0-18A6-4E6B-952A-DB81554476A1}.Release|Any CPU.ActiveCfg = Release|Any CPU
		{CB37FDA0-18A6-4E6B-952A-DB81554476A1}.Release|Any CPU.Build.0 = Release|Any CPU
		{CB37FDA0-18A6-4E6B-952A-DB81554476A1}.Release|Mixed platforms.ActiveCfg = Release|Any CPU
		{CB37FDA0-18A6-4E6B-952A-DB81554476A1}.Release|Mixed platforms.Build.0 = Release|Any CPU
		{20DC3964-F02A-46C2-A7D8-6EF713A115A3}.Debug|Any CPU.ActiveCfg = Debug|Any CPU
		{20DC3964-F02A-46C2-A7D8-6EF713A115A3}.Debug|Any CPU.Build.0 = Debug|Any CPU
		{20DC3964-F02A-46C2-A7D8-6EF713A115A3}.Debug|Mixed platforms.ActiveCfg = Debug|Any CPU
		{20DC3964-F02A-46C2-A7D8-6EF713A115A3}.Debug|Mixed platforms.Build.0 = Debug|Any CPU
		{20DC3964-F02A-46C2-A7D8-6EF713A115A3}.Release|Any CPU.ActiveCfg = Release|Any CPU
		{20DC3964-F02A-46C2-A7D8-6EF713A115A3}.Release|Any CPU.Build.0 = Release|Any CPU
		{20DC3964-F02A-46C2-A7D8-6EF713A115A3}.Release|Mixed platforms.ActiveCfg = Release|Any CPU
		{20DC3964-F02A-46C2-A7D8-6EF713A115A3}.Release|Mixed platforms.Build.0 = Release|Any CPU
		{9DA163A8-5A9C-422E-88C7-E76ACB23B144}.Debug|Any CPU.ActiveCfg = Debug|Any CPU
		{9DA163A8-5A9C-422E-88C7-E76ACB23B144}.Debug|Any CPU.Build.0 = Debug|Any CPU
		{9DA163A8-5A9C-422E-88C7-E76ACB23B144}.Debug|Mixed platforms.ActiveCfg = Debug|Any CPU
		{9DA163A8-5A9C-422E-88C7-E76ACB23B144}.Debug|Mixed platforms.Build.0 = Debug|Any CPU
		{9DA163A8-5A9C-422E-88C7-E76ACB23B144}.Release|Any CPU.ActiveCfg = Release|Any CPU
		{9DA163A8-5A9C-422E-88C7-E76ACB23B144}.Release|Any CPU.Build.0 = Release|Any CPU
		{9DA163A8-5A9C-422E-88C7-E76ACB23B144}.Release|Mixed platforms.ActiveCfg = Release|Any CPU
		{9DA163A8-5A9C-422E-88C7-E76ACB23B144}.Release|Mixed platforms.Build.0 = Release|Any CPU
		{EA3999F9-6B04-4265-9C7B-BE0F1D4392FD}.Debug|Any CPU.ActiveCfg = Debug|Any CPU
		{EA3999F9-6B04-4265-9C7B-BE0F1D4392FD}.Debug|Any CPU.Build.0 = Debug|Any CPU
		{EA3999F9-6B04-4265-9C7B-BE0F1D4392FD}.Debug|Mixed platforms.ActiveCfg = Debug|Any CPU
		{EA3999F9-6B04-4265-9C7B-BE0F1D4392FD}.Debug|Mixed platforms.Build.0 = Debug|Any CPU
		{EA3999F9-6B04-4265-9C7B-BE0F1D4392FD}.Release|Any CPU.ActiveCfg = Release|Any CPU
		{EA3999F9-6B04-4265-9C7B-BE0F1D4392FD}.Release|Any CPU.Build.0 = Release|Any CPU
		{EA3999F9-6B04-4265-9C7B-BE0F1D4392FD}.Release|Mixed platforms.ActiveCfg = Release|Any CPU
		{EA3999F9-6B04-4265-9C7B-BE0F1D4392FD}.Release|Mixed platforms.Build.0 = Release|Any CPU
	EndGlobalSection
	GlobalSection(SolutionProperties) = preSolution
		HideSolutionNode = FALSE
	EndGlobalSection
EndGlobal
