Microsoft Visual Studio Solution File, Format Version 9.00
# Visual Studio 2005
Project("{FAE04EC0-301F-11D3-BF4B-00C04F79EFBC}") = "Server", "server\data\Server.csproj", "{5C80C065-5648-4611-A320-451F562671F3}"
EndProject
Project("{FAE04EC0-301F-11D3-BF4B-00C04F79EFBC}") = "Sdk", "sdk\Sdk.csproj", "{9DA163A8-5A9C-422E-88C7-E76ACB23B144}"
EndProject
Project("{2150E333-8FDC-42A3-9474-1A3956D46DE8}") = "Solution Items", "Solution Items", "{AC6C793D-698C-4C99-A901-854DED4E7546}"
	ProjectSection(SolutionItems) = preProject
		history.txt = history.txt
		readme.txt = readme.txt
		schedule.txt = schedule.txt
		todo.txt = todo.txt
	EndProjectSection
EndProject
Project("{E24C65DC-7377-472B-9ABA-BC803B73C61A}") = "C:\...\site\", "site\", "{1D658C9B-CFAC-4D3D-9CE7-85AEFF222608}"
	ProjectSection(WebsiteProperties) = preProject
		SccProjectName = ""
		SccAuxPath = ""
		SccLocalPath = ""
		SccProvider = ""
		ProjectReferences = "{9DA163A8-5A9C-422E-88C7-E76ACB23B144}|Commanigy.Iquomi.Sdk.dll;{5C80C065-5648-4611-A320-451F562671F3}|Commanigy.Iquomi.dll;"
		Debug.AspNetCompiler.VirtualPath = "/website"
		Debug.AspNetCompiler.PhysicalPath = "site\"
		Debug.AspNetCompiler.TargetPath = "\\ichi\iquomi\website\"
		Debug.AspNetCompiler.Updateable = "true"
		Debug.AspNetCompiler.ForceOverwrite = "true"
		Debug.AspNetCompiler.FixedNames = "true"
		Debug.AspNetCompiler.Debug = "True"
		Release.AspNetCompiler.VirtualPath = "/website"
		Release.AspNetCompiler.PhysicalPath = "site\"
		Release.AspNetCompiler.TargetPath = "\\ichi\iquomi\website\"
		Release.AspNetCompiler.Updateable = "true"
		Release.AspNetCompiler.ForceOverwrite = "true"
		Release.AspNetCompiler.FixedNames = "true"
		Release.AspNetCompiler.Debug = "False"
		VWDPort = "4080"
		VWDDynamicPort = "false"
	EndProjectSection
EndProject
Project("{FAE04EC0-301F-11D3-BF4B-00C04F79EFBC}") = "Server.DataAccess", "server\dataaccess\Server.DataAccess.csproj", "{BA1A3AEA-C6B9-4FB3-9963-DD9C2AB47BAB}"
EndProject
Project("{4F174C21-8C12-11D0-8340-0000F80270F8}") = "Database", "database\Database.dbp", "{2F3F7654-E745-4100-8E39-A3DEAE68A53D}"
EndProject
Global
	GlobalSection(SolutionConfigurationPlatforms) = preSolution
		Debug|Any CPU = Debug|Any CPU
		Debug|Mixed platforms = Debug|Mixed platforms
		Release|Any CPU = Release|Any CPU
		Release|Mixed platforms = Release|Mixed platforms
	EndGlobalSection
	GlobalSection(ProjectConfigurationPlatforms) = postSolution
		{5C80C065-5648-4611-A320-451F562671F3}.Debug|Any CPU.ActiveCfg = Debug|Any CPU
		{5C80C065-5648-4611-A320-451F562671F3}.Debug|Any CPU.Build.0 = Debug|Any CPU
		{5C80C065-5648-4611-A320-451F562671F3}.Debug|Mixed platforms.ActiveCfg = Debug|Any CPU
		{5C80C065-5648-4611-A320-451F562671F3}.Debug|Mixed platforms.Build.0 = Debug|Any CPU
		{5C80C065-5648-4611-A320-451F562671F3}.Release|Any CPU.ActiveCfg = Release|Any CPU
		{5C80C065-5648-4611-A320-451F562671F3}.Release|Any CPU.Build.0 = Release|Any CPU
		{5C80C065-5648-4611-A320-451F562671F3}.Release|Mixed platforms.ActiveCfg = Release|Any CPU
		{5C80C065-5648-4611-A320-451F562671F3}.Release|Mixed platforms.Build.0 = Release|Any CPU
		{9DA163A8-5A9C-422E-88C7-E76ACB23B144}.Debug|Any CPU.ActiveCfg = Debug|Any CPU
		{9DA163A8-5A9C-422E-88C7-E76ACB23B144}.Debug|Any CPU.Build.0 = Debug|Any CPU
		{9DA163A8-5A9C-422E-88C7-E76ACB23B144}.Debug|Mixed platforms.ActiveCfg = Debug|Any CPU
		{9DA163A8-5A9C-422E-88C7-E76ACB23B144}.Debug|Mixed platforms.Build.0 = Debug|Any CPU
		{9DA163A8-5A9C-422E-88C7-E76ACB23B144}.Release|Any CPU.ActiveCfg = Release|Any CPU
		{9DA163A8-5A9C-422E-88C7-E76ACB23B144}.Release|Any CPU.Build.0 = Release|Any CPU
		{9DA163A8-5A9C-422E-88C7-E76ACB23B144}.Release|Mixed platforms.ActiveCfg = Release|Any CPU
		{9DA163A8-5A9C-422E-88C7-E76ACB23B144}.Release|Mixed platforms.Build.0 = Release|Any CPU
		{1D658C9B-CFAC-4D3D-9CE7-85AEFF222608}.Debug|Any CPU.ActiveCfg = Debug|.NET
		{1D658C9B-CFAC-4D3D-9CE7-85AEFF222608}.Debug|Any CPU.Build.0 = Debug|.NET
		{1D658C9B-CFAC-4D3D-9CE7-85AEFF222608}.Debug|Mixed platforms.ActiveCfg = Debug|.NET
		{1D658C9B-CFAC-4D3D-9CE7-85AEFF222608}.Debug|Mixed platforms.Build.0 = Debug|.NET
		{1D658C9B-CFAC-4D3D-9CE7-85AEFF222608}.Release|Any CPU.ActiveCfg = Debug|.NET
		{1D658C9B-CFAC-4D3D-9CE7-85AEFF222608}.Release|Any CPU.Build.0 = Debug|.NET
		{1D658C9B-CFAC-4D3D-9CE7-85AEFF222608}.Release|Mixed platforms.ActiveCfg = Debug|.NET
		{1D658C9B-CFAC-4D3D-9CE7-85AEFF222608}.Release|Mixed platforms.Build.0 = Debug|.NET
		{BA1A3AEA-C6B9-4FB3-9963-DD9C2AB47BAB}.Debug|Any CPU.ActiveCfg = Debug|Any CPU
		{BA1A3AEA-C6B9-4FB3-9963-DD9C2AB47BAB}.Debug|Any CPU.Build.0 = Debug|Any CPU
		{BA1A3AEA-C6B9-4FB3-9963-DD9C2AB47BAB}.Debug|Mixed platforms.ActiveCfg = Debug|Any CPU
		{BA1A3AEA-C6B9-4FB3-9963-DD9C2AB47BAB}.Debug|Mixed platforms.Build.0 = Debug|Any CPU
		{BA1A3AEA-C6B9-4FB3-9963-DD9C2AB47BAB}.Release|Any CPU.ActiveCfg = Release|Any CPU
		{BA1A3AEA-C6B9-4FB3-9963-DD9C2AB47BAB}.Release|Mixed platforms.ActiveCfg = Release|Any CPU
		{BA1A3AEA-C6B9-4FB3-9963-DD9C2AB47BAB}.Release|Mixed platforms.Build.0 = Release|Any CPU
	EndGlobalSection
	GlobalSection(SolutionProperties) = preSolution
		HideSolutionNode = FALSE
	EndGlobalSection
EndGlobal
